
Microsoft Visual Studio Solution File, Format Version 12.00
# Visual Studio Version 16
VisualStudioVersion = 16.0.31005.135
MinimumVisualStudioVersion = 10.0.40219.1
Project("{FAE04EC0-301F-11D3-BF4B-00C04F79EFBC}") = "TickInke", "TickInke.csproj", "{AB140B30-7071-4A2A-A4DA-8A91AFA129AA}"
EndProject
Global
	GlobalSection(SolutionConfigurationPlatforms) = preSolution
		Debug|Any CPU = Debug|Any CPU
		Release|Any CPU = Release|Any CPU
	EndGlobalSection
	GlobalSection(ProjectConfigurationPlatforms) = postSolution
		{AB140B30-7071-4A2A-A4DA-8A91AFA129AA}.Debug|Any CPU.ActiveCfg = Debug|Any CPU
		{AB140B30-7071-4A2A-A4DA-8A91AFA129AA}.Debug|Any CPU.Build.0 = Debug|Any CPU
		{AB140B30-7071-4A2A-A4DA-8A91AFA129AA}.Release|Any CPU.ActiveCfg = Release|Any CPU
		{AB140B30-7071-4A2A-A4DA-8A91AFA129AA}.Release|Any CPU.Build.0 = Release|Any CPU
	EndGlobalSection
	GlobalSection(SolutionProperties) = preSolution
		HideSolutionNode = FALSE
	EndGlobalSection
	GlobalSection(ExtensibilityGlobals) = postSolution
		SolutionGuid = {EA5A7E78-3481-4AF3-8F80-B7C57E21D444}
	EndGlobalSection
EndGlobal
